// !$*UTF8*$!
{
	archiveVersion = 1;
	classes = {
	};
	objectVersion = 50;
	objects = {

/* Begin PBXBuildFile section */
		751418912291FFA700927CDA /* AppDelegate.swift in Sources */ = {isa = PBXBuildFile; fileRef = 751418902291FFA700927CDA /* AppDelegate.swift */; };
		751418932291FFA700927CDA /* ViewController.swift in Sources */ = {isa = PBXBuildFile; fileRef = 751418922291FFA700927CDA /* ViewController.swift */; };
		751418962291FFA700927CDA /* Main.storyboard in Resources */ = {isa = PBXBuildFile; fileRef = 751418942291FFA700927CDA /* Main.storyboard */; };
		751418982291FFA800927CDA /* Assets.xcassets in Resources */ = {isa = PBXBuildFile; fileRef = 751418972291FFA800927CDA /* Assets.xcassets */; };
		7514189B2291FFA800927CDA /* LaunchScreen.storyboard in Resources */ = {isa = PBXBuildFile; fileRef = 751418992291FFA800927CDA /* LaunchScreen.storyboard */; };
		751418A62291FFA800927CDA /* Ahmad_Mabrouk_Lamsa_TaskTests.swift in Sources */ = {isa = PBXBuildFile; fileRef = 751418A52291FFA800927CDA /* Ahmad_Mabrouk_Lamsa_TaskTests.swift */; };
/* End PBXBuildFile section */

/* Begin PBXContainerItemProxy section */
		751418A22291FFA800927CDA /* PBXContainerItemProxy */ = {
			isa = PBXContainerItemProxy;
			containerPortal = 751418852291FFA700927CDA /* Project object */;
			proxyType = 1;
			remoteGlobalIDString = 7514188C2291FFA700927CDA;
			remoteInfo = Ahmad_Mabrouk_Lamsa_Task;
		};
/* End PBXContainerItemProxy section */

/* Begin PBXFileReference section */
		7514188D2291FFA700927CDA /* Ahmad_Mabrouk_Lamsa_Task.app */ = {isa = PBXFileReference; explicitFileType = wrapper.application; includeInIndex = 0; path = Ahmad_Mabrouk_Lamsa_Task.app; sourceTree = BUILT_PRODUCTS_DIR; };
		751418902291FFA700927CDA /* AppDelegate.swift */ = {isa = PBXFileReference; lastKnownFileType = sourcecode.swift; path = AppDelegate.swift; sourceTree = "<group>"; };
		751418922291FFA700927CDA /* ViewController.swift */ = {isa = PBXFileReference; lastKnownFileType = sourcecode.swift; path = ViewController.swift; sourceTree = "<group>"; };
		751418952291FFA700927CDA /* Base */ = {isa = PBXFileReference; lastKnownFileType = file.storyboard; name = Base; path = Base.lproj/Main.storyboard; sourceTree = "<group>"; };
		751418972291FFA800927CDA /* Assets.xcassets */ = {isa = PBXFileReference; lastKnownFileType = folder.assetcatalog; path = Assets.xcassets; sourceTree = "<group>"; };
		7514189A2291FFA800927CDA /* Base */ = {isa = PBXFileReference; lastKnownFileType = file.storyboard; name = Base; path = Base.lproj/LaunchScreen.storyboard; sourceTree = "<group>"; };
		7514189C2291FFA800927CDA /* Info.plist */ = {isa = PBXFileReference; lastKnownFileType = text.plist.xml; path = Info.plist; sourceTree = "<group>"; };
		751418A12291FFA800927CDA /* Ahmad_Mabrouk_Lamsa_TaskTests.xctest */ = {isa = PBXFileReference; explicitFileType = wrapper.cfbundle; includeInIndex = 0; path = Ahmad_Mabrouk_Lamsa_TaskTests.xctest; sourceTree = BUILT_PRODUCTS_DIR; };
		751418A52291FFA800927CDA /* Ahmad_Mabrouk_Lamsa_TaskTests.swift */ = {isa = PBXFileReference; lastKnownFileType = sourcecode.swift; path = Ahmad_Mabrouk_Lamsa_TaskTests.swift; sourceTree = "<group>"; };
		751418A72291FFA800927CDA /* Info.plist */ = {isa = PBXFileReference; lastKnownFileType = text.plist.xml; path = Info.plist; sourceTree = "<group>"; };
/* End PBXFileReference section */

/* Begin PBXFrameworksBuildPhase section */
		7514188A2291FFA700927CDA /* Frameworks */ = {
			isa = PBXFrameworksBuildPhase;
			buildActionMask = 2147483647;
			files = (
			);
			runOnlyForDeploymentPostprocessing = 0;
		};
		7514189E2291FFA800927CDA /* Frameworks */ = {
			isa = PBXFrameworksBuildPhase;
			buildActionMask = 2147483647;
			files = (
			);
			runOnlyForDeploymentPostprocessing = 0;
		};
/* End PBXFrameworksBuildPhase section */

/* Begin PBXGroup section */
		751418842291FFA700927CDA = {
			isa = PBXGroup;
			children = (
				7514188F2291FFA700927CDA /* Ahmad_Mabrouk_Lamsa_Task */,
				751418A42291FFA800927CDA /* Ahmad_Mabrouk_Lamsa_TaskTests */,
				7514188E2291FFA700927CDA /* Products */,
			);
			sourceTree = "<group>";
		};
		7514188E2291FFA700927CDA /* Products */ = {
			isa = PBXGroup;
			children = (
				7514188D2291FFA700927CDA /* Ahmad_Mabrouk_Lamsa_Task.app */,
				751418A12291FFA800927CDA /* Ahmad_Mabrouk_Lamsa_TaskTests.xctest */,
			);
			name = Products;
			sourceTree = "<group>";
		};
		7514188F2291FFA700927CDA /* Ahmad_Mabrouk_Lamsa_Task */ = {
			isa = PBXGroup;
			children = (
				751418902291FFA700927CDA /* AppDelegate.swift */,
				751418922291FFA700927CDA /* ViewController.swift */,
				751418942291FFA700927CDA /* Main.storyboard */,
				751418972291FFA800927CDA /* Assets.xcassets */,
				751418992291FFA800927CDA /* LaunchScreen.storyboard */,
				7514189C2291FFA800927CDA /* Info.plist */,
			);
			path = Ahmad_Mabrouk_Lamsa_Task;
			sourceTree = "<group>";
		};
		751418A42291FFA800927CDA /* Ahmad_Mabrouk_Lamsa_TaskTests */ = {
			isa = PBXGroup;
			children = (
				751418A52291FFA800927CDA /* Ahmad_Mabrouk_Lamsa_TaskTests.swift */,
				751418A72291FFA800927CDA /* Info.plist */,
			);
			path = Ahmad_Mabrouk_Lamsa_TaskTests;
			sourceTree = "<group>";
		};
/* End PBXGroup section */

/* Begin PBXNativeTarget section */
		7514188C2291FFA700927CDA /* Ahmad_Mabrouk_Lamsa_Task */ = {
			isa = PBXNativeTarget;
			buildConfigurationList = 751418AA2291FFA800927CDA /* Build configuration list for PBXNativeTarget "Ahmad_Mabrouk_Lamsa_Task" */;
			buildPhases = (
				751418892291FFA700927CDA /* Sources */,
				7514188A2291FFA700927CDA /* Frameworks */,
				7514188B2291FFA700927CDA /* Resources */,
			);
			buildRules = (
			);
			dependencies = (
			);
			name = Ahmad_Mabrouk_Lamsa_Task;
			productName = Ahmad_Mabrouk_Lamsa_Task;
			productReference = 7514188D2291FFA700927CDA /* Ahmad_Mabrouk_Lamsa_Task.app */;
			productType = "com.apple.product-type.application";
		};
		751418A02291FFA800927CDA /* Ahmad_Mabrouk_Lamsa_TaskTests */ = {
			isa = PBXNativeTarget;
			buildConfigurationList = 751418AD2291FFA800927CDA /* Build configuration list for PBXNativeTarget "Ahmad_Mabrouk_Lamsa_TaskTests" */;
			buildPhases = (
				7514189D2291FFA800927CDA /* Sources */,
				7514189E2291FFA800927CDA /* Frameworks */,
				7514189F2291FFA800927CDA /* Resources */,
			);
			buildRules = (
			);
			dependencies = (
				751418A32291FFA800927CDA /* PBXTargetDependency */,
			);
			name = Ahmad_Mabrouk_Lamsa_TaskTests;
			productName = Ahmad_Mabrouk_Lamsa_TaskTests;
			productReference = 751418A12291FFA800927CDA /* Ahmad_Mabrouk_Lamsa_TaskTests.xctest */;
			productType = "com.apple.product-type.bundle.unit-test";
		};
/* End PBXNativeTarget section */

/* Begin PBXProject section */
		751418852291FFA700927CDA /* Project object */ = {
			isa = PBXProject;
			attributes = {
				LastSwiftUpdateCheck = 1020;
				LastUpgradeCheck = 1020;
				ORGANIZATIONNAME = "Ahmad Mabrouk";
				TargetAttributes = {
					7514188C2291FFA700927CDA = {
						CreatedOnToolsVersion = 10.2.1;
					};
					751418A02291FFA800927CDA = {
						CreatedOnToolsVersion = 10.2.1;
						TestTargetID = 7514188C2291FFA700927CDA;
					};
				};
			};
			buildConfigurationList = 751418882291FFA700927CDA /* Build configuration list for PBXProject "Ahmad_Mabrouk_Lamsa_Task" */;
			compatibilityVersion = "Xcode 9.3";
			developmentRegion = en;
			hasScannedForEncodings = 0;
			knownRegions = (
				en,
				Base,
			);
			mainGroup = 751418842291FFA700927CDA;
			productRefGroup = 7514188E2291FFA700927CDA /* Products */;
			projectDirPath = "";
			projectRoot = "";
			targets = (
				7514188C2291FFA700927CDA /* Ahmad_Mabrouk_Lamsa_Task */,
				751418A02291FFA800927CDA /* Ahmad_Mabrouk_Lamsa_TaskTests */,
			);
		};
/* End PBXProject section */

/* Begin PBXResourcesBuildPhase section */
		7514188B2291FFA700927CDA /* Resources */ = {
			isa = PBXResourcesBuildPhase;
			buildActionMask = 2147483647;
			files = (
				7514189B2291FFA800927CDA /* LaunchScreen.storyboard in Resources */,
				751418982291FFA800927CDA /* Assets.xcassets in Resources */,
				751418962291FFA700927CDA /* Main.storyboard in Resources */,
			);
			runOnlyForDeploymentPostprocessing = 0;
		};
		7514189F2291FFA800927CDA /* Resources */ = {
			isa = PBXResourcesBuildPhase;
			buildActionMask = 2147483647;
			files = (
			);
			runOnlyForDeploymentPostprocessing = 0;
		};
/* End PBXResourcesBuildPhase section */

/* Begin PBXSourcesBuildPhase section */
		751418892291FFA700927CDA /* Sources */ = {
			isa = PBXSourcesBuildPhase;
			buildActionMask = 2147483647;
			files = (
				751418932291FFA700927CDA /* ViewController.swift in Sources */,
				751418912291FFA700927CDA /* AppDelegate.swift in Sources */,
			);
			runOnlyForDeploymentPostprocessing = 0;
		};
		7514189D2291FFA800927CDA /* Sources */ = {
			isa = PBXSourcesBuildPhase;
			buildActionMask = 2147483647;
			files = (
				751418A62291FFA800927CDA /* Ahmad_Mabrouk_Lamsa_TaskTests.swift in Sources */,
			);
			runOnlyForDeploymentPostprocessing = 0;
		};
/* End PBXSourcesBuildPhase section */

/* Begin PBXTargetDependency section */
		751418A32291FFA800927CDA /* PBXTargetDependency */ = {
			isa = PBXTargetDependency;
			target = 7514188C2291FFA700927CDA /* Ahmad_Mabrouk_Lamsa_Task */;
			targetProxy = 751418A22291FFA800927CDA /* PBXContainerItemProxy */;
		};
/* End PBXTargetDependency section */

/* Begin PBXVariantGroup section */
		751418942291FFA700927CDA /* Main.storyboard */ = {
			isa = PBXVariantGroup;
			children = (
				751418952291FFA700927CDA /* Base */,
			);
			name = Main.storyboard;
			sourceTree = "<group>";
		};
		751418992291FFA800927CDA /* LaunchScreen.storyboard */ = {
			isa = PBXVariantGroup;
			children = (
				7514189A2291FFA800927CDA /* Base */,
			);
			name = LaunchScreen.storyboard;
			sourceTree = "<group>";
		};
/* End PBXVariantGroup section */

/* Begin XCBuildConfiguration section */
		751418A82291FFA800927CDA /* Debug */ = {
			isa = XCBuildConfiguration;
			buildSettings = {
				ALWAYS_SEARCH_USER_PATHS = NO;
				CLANG_ANALYZER_NONNULL = YES;
				CLANG_ANALYZER_NUMBER_OBJECT_CONVERSION = YES_AGGRESSIVE;
				CLANG_CXX_LANGUAGE_STANDARD = "gnu++14";
				CLANG_CXX_LIBRARY = "libc++";
				CLANG_ENABLE_MODULES = YES;
				CLANG_ENABLE_OBJC_ARC = YES;
				CLANG_ENABLE_OBJC_WEAK = YES;
				CLANG_WARN_BLOCK_CAPTURE_AUTORELEASING = YES;
				CLANG_WARN_BOOL_CONVERSION = YES;
				CLANG_WARN_COMMA = YES;
				CLANG_WARN_CONSTANT_CONVERSION = YES;
				CLANG_WARN_DEPRECATED_OBJC_IMPLEMENTATIONS = YES;
				CLANG_WARN_DIRECT_OBJC_ISA_USAGE = YES_ERROR;
				CLANG_WARN_DOCUMENTATION_COMMENTS = YES;
				CLANG_WARN_EMPTY_BODY = YES;
				CLANG_WARN_ENUM_CONVERSION = YES;
				CLANG_WARN_INFINITE_RECURSION = YES;
				CLANG_WARN_INT_CONVERSION = YES;
				CLANG_WARN_NON_LITERAL_NULL_CONVERSION = YES;
				CLANG_WARN_OBJC_IMPLICIT_RETAIN_SELF = YES;
				CLANG_WARN_OBJC_LITERAL_CONVERSION = YES;
				CLANG_WARN_OBJC_ROOT_CLASS = YES_ERROR;
				CLANG_WARN_RANGE_LOOP_ANALYSIS = YES;
				CLANG_WARN_STRICT_PROTOTYPES = YES;
				CLANG_WARN_SUSPICIOUS_MOVE = YES;
				CLANG_WARN_UNGUARDED_AVAILABILITY = YES_AGGRESSIVE;
				CLANG_WARN_UNREACHABLE_CODE = YES;
				CLANG_WARN__DUPLICATE_METHOD_MATCH = YES;
				CODE_SIGN_IDENTITY = "iPhone Developer";
				COPY_PHASE_STRIP = NO;
				DEBUG_INFORMATION_FORMAT = dwarf;
				ENABLE_STRICT_OBJC_MSGSEND = YES;
				ENABLE_TESTABILITY = YES;
				GCC_C_LANGUAGE_STANDARD = gnu11;
				GCC_DYNAMIC_NO_PIC = NO;
				GCC_NO_COMMON_BLOCKS = YES;
				GCC_OPTIMIZATION_LEVEL = 0;
				GCC_PREPROCESSOR_DEFINITIONS = (
					"DEBUG=1",
					"$(inherited)",
				);
				GCC_WARN_64_TO_32_BIT_CONVERSION = YES;
				GCC_WARN_ABOUT_RETURN_TYPE = YES_ERROR;
				GCC_WARN_UNDECLARED_SELECTOR = YES;
				GCC_WARN_UNINITIALIZED_AUTOS = YES_AGGRESSIVE;
				GCC_WARN_UNUSED_FUNCTION = YES;
				GCC_WARN_UNUSED_VARIABLE = YES;
				IPHONEOS_DEPLOYMENT_TARGET = 12.2;
				MTL_ENABLE_DEBUG_INFO = INCLUDE_SOURCE;
				MTL_FAST_MATH = YES;
				ONLY_ACTIVE_ARCH = YES;
				SDKROOT = iphoneos;
				SWIFT_ACTIVE_COMPILATION_CONDITIONS = DEBUG;
				SWIFT_OPTIMIZATION_LEVEL = "-Onone";
			};
			name = Debug;
		};
		751418A92291FFA800927CDA /* Release */ = {
			isa = XCBuildConfiguration;
			buildSettings = {
				ALWAYS_SEARCH_USER_PATHS = NO;
				CLANG_ANALYZER_NONNULL = YES;
				CLANG_ANALYZER_NUMBER_OBJECT_CONVERSION = YES_AGGRESSIVE;
				CLANG_CXX_LANGUAGE_STANDARD = "gnu++14";
				CLANG_CXX_LIBRARY = "libc++";
				CLANG_ENABLE_MODULES = YES;
				CLANG_ENABLE_OBJC_ARC = YES;
				CLANG_ENABLE_OBJC_WEAK = YES;
				CLANG_WARN_BLOCK_CAPTURE_AUTORELEASING = YES;
				CLANG_WARN_BOOL_CONVERSION = YES;
				CLANG_WARN_COMMA = YES;
				CLANG_WARN_CONSTANT_CONVERSION = YES;
				CLANG_WARN_DEPRECATED_OBJC_IMPLEMENTATIONS = YES;
				CLANG_WARN_DIRECT_OBJC_ISA_USAGE = YES_ERROR;
				CLANG_WARN_DOCUMENTATION_COMMENTS = YES;
				CLANG_WARN_EMPTY_BODY = YES;
				CLANG_WARN_ENUM_CONVERSION = YES;
				CLANG_WARN_INFINITE_RECURSION = YES;
				CLANG_WARN_INT_CONVERSION = YES;
				CLANG_WARN_NON_LITERAL_NULL_CONVERSION = YES;
				CLANG_WARN_OBJC_IMPLICIT_RETAIN_SELF = YES;
				CLANG_WARN_OBJC_LITERAL_CONVERSION = YES;
				CLANG_WARN_OBJC_ROOT_CLASS = YES_ERROR;
				CLANG_WARN_RANGE_LOOP_ANALYSIS = YES;
				CLANG_WARN_STRICT_PROTOTYPES = YES;
				CLANG_WARN_SUSPICIOUS_MOVE = YES;
				CLANG_WARN_UNGUARDED_AVAILABILITY = YES_AGGRESSIVE;
				CLANG_WARN_UNREACHABLE_CODE = YES;
				CLANG_WARN__DUPLICATE_METHOD_MATCH = YES;
				CODE_SIGN_IDENTITY = "iPhone Developer";
				COPY_PHASE_STRIP = NO;
				DEBUG_INFORMATION_FORMAT = "dwarf-with-dsym";
				ENABLE_NS_ASSERTIONS = NO;
				ENABLE_STRICT_OBJC_MSGSEND = YES;
				GCC_C_LANGUAGE_STANDARD = gnu11;
				GCC_NO_COMMON_BLOCKS = YES;
				GCC_WARN_64_TO_32_BIT_CONVERSION = YES;
				GCC_WARN_ABOUT_RETURN_TYPE = YES_ERROR;
				GCC_WARN_UNDECLARED_SELECTOR = YES;
				GCC_WARN_UNINITIALIZED_AUTOS = YES_AGGRESSIVE;
				GCC_WARN_UNUSED_FUNCTION = YES;
				GCC_WARN_UNUSED_VARIABLE = YES;
				IPHONEOS_DEPLOYMENT_TARGET = 12.2;
				MTL_ENABLE_DEBUG_INFO = NO;
				MTL_FAST_MATH = YES;
				SDKROOT = iphoneos;
				SWIFT_COMPILATION_MODE = wholemodule;
				SWIFT_OPTIMIZATION_LEVEL = "-O";
				VALIDATE_PRODUCT = YES;
			};
			name = Release;
		};
		751418AB2291FFA800927CDA /* Debug */ = {
			isa = XCBuildConfiguration;
			buildSettings = {
				ASSETCATALOG_COMPILER_APPICON_NAME = AppIcon;
				CODE_SIGN_STYLE = Automatic;
				DEVELOPMENT_TEAM = HCS469D92E;
				INFOPLIST_FILE = Ahmad_Mabrouk_Lamsa_Task/Info.plist;
				LD_RUNPATH_SEARCH_PATHS = (
					"$(inherited)",
					"@executable_path/Frameworks",
				);
				PRODUCT_BUNDLE_IDENTIFIER = "Lamsa.Ahmad-Mabrouk-Lamsa-Task";
				PRODUCT_NAME = "$(TARGET_NAME)";
				SWIFT_VERSION = 5.0;
				TARGETED_DEVICE_FAMILY = "1,2";
			};
			name = Debug;
		};
		751418AC2291FFA800927CDA /* Release */ = {
			isa = XCBuildConfiguration;
			buildSettings = {
				ASSETCATALOG_COMPILER_APPICON_NAME = AppIcon;
				CODE_SIGN_STYLE = Automatic;
				DEVELOPMENT_TEAM = HCS469D92E;
				INFOPLIST_FILE = Ahmad_Mabrouk_Lamsa_Task/Info.plist;
				LD_RUNPATH_SEARCH_PATHS = (
					"$(inherited)",
					"@executable_path/Frameworks",
				);
				PRODUCT_BUNDLE_IDENTIFIER = "Lamsa.Ahmad-Mabrouk-Lamsa-Task";
				PRODUCT_NAME = "$(TARGET_NAME)";
				SWIFT_VERSION = 5.0;
				TARGETED_DEVICE_FAMILY = "1,2";
			};
			name = Release;
		};
		751418AE2291FFA800927CDA /* Debug */ = {
			isa = XCBuildConfiguration;
			buildSettings = {
				ALWAYS_EMBED_SWIFT_STANDARD_LIBRARIES = YES;
				BUNDLE_LOADER = "$(TEST_HOST)";
				CODE_SIGN_STYLE = Automatic;
				DEVELOPMENT_TEAM = HCS469D92E;
				INFOPLIST_FILE = Ahmad_Mabrouk_Lamsa_TaskTests/Info.plist;
				LD_RUNPATH_SEARCH_PATHS = (
					"$(inherited)",
					"@executable_path/Frameworks",
					"@loader_path/Frameworks",
				);
				PRODUCT_BUNDLE_IDENTIFIER = "Lamsa.Ahmad-Mabrouk-Lamsa-TaskTests";
				PRODUCT_NAME = "$(TARGET_NAME)";
				SWIFT_VERSION = 5.0;
				TARGETED_DEVICE_FAMILY = "1,2";
				TEST_HOST = "$(BUILT_PRODUCTS_DIR)/Ahmad_Mabrouk_Lamsa_Task.app/Ahmad_Mabrouk_Lamsa_Task";
			};
			name = Debug;
		};
		751418AF2291FFA800927CDA /* Release */ = {
			isa = XCBuildConfiguration;
			buildSettings = {
				ALWAYS_EMBED_SWIFT_STANDARD_LIBRARIES = YES;
				BUNDLE_LOADER = "$(TEST_HOST)";
				CODE_SIGN_STYLE = Automatic;
				DEVELOPMENT_TEAM = HCS469D92E;
				INFOPLIST_FILE = Ahmad_Mabrouk_Lamsa_TaskTests/Info.plist;
				LD_RUNPATH_SEARCH_PATHS = (
					"$(inherited)",
					"@executable_path/Frameworks",
					"@loader_path/Frameworks",
				);
				PRODUCT_BUNDLE_IDENTIFIER = "Lamsa.Ahmad-Mabrouk-Lamsa-TaskTests";
				PRODUCT_NAME = "$(TARGET_NAME)";
				SWIFT_VERSION = 5.0;
				TARGETED_DEVICE_FAMILY = "1,2";
				TEST_HOST = "$(BUILT_PRODUCTS_DIR)/Ahmad_Mabrouk_Lamsa_Task.app/Ahmad_Mabrouk_Lamsa_Task";
			};
			name = Release;
		};
/* End XCBuildConfiguration section */

/* Begin XCConfigurationList section */
		751418882291FFA700927CDA /* Build configuration list for PBXProject "Ahmad_Mabrouk_Lamsa_Task" */ = {
			isa = XCConfigurationList;
			buildConfigurations = (
				751418A82291FFA800927CDA /* Debug */,
				751418A92291FFA800927CDA /* Release */,
			);
			defaultConfigurationIsVisible = 0;
			defaultConfigurationName = Release;
		};
		751418AA2291FFA800927CDA /* Build configuration list for PBXNativeTarget "Ahmad_Mabrouk_Lamsa_Task" */ = {
			isa = XCConfigurationList;
			buildConfigurations = (
				751418AB2291FFA800927CDA /* Debug */,
				751418AC2291FFA800927CDA /* Release */,
			);
			defaultConfigurationIsVisible = 0;
			defaultConfigurationName = Release;
		};
		751418AD2291FFA800927CDA /* Build configuration list for PBXNativeTarget "Ahmad_Mabrouk_Lamsa_TaskTests" */ = {
			isa = XCConfigurationList;
			buildConfigurations = (
				751418AE2291FFA800927CDA /* Debug */,
				751418AF2291FFA800927CDA /* Release */,
			);
			defaultConfigurationIsVisible = 0;
			defaultConfigurationName = Release;
		};
/* End XCConfigurationList section */
	};
	rootObject = 751418852291FFA700927CDA /* Project object */;
}
